// !$*UTF8*$!
{
   archiveVersion = "1";
   objectVersion = "46";
   objects = {
      "OBJ_1" = {
         isa = "PBXProject";
         attributes = {
            LastUpgradeCheck = "9999";
         };
         buildConfigurationList = "OBJ_2";
         compatibilityVersion = "Xcode 3.2";
         developmentRegion = "English";
         hasScannedForEncodings = "0";
         knownRegions = (
            "en"
         );
         mainGroup = "OBJ_5";
         productRefGroup = "OBJ_224";
         projectDirPath = ".";
         targets = (
            "TelegramBotSDK::CCurl",
            "TelegramBotSDK::TelegramBotSDK",
            "TelegramBotSDK::SwiftPMPackageDescription",
            "tgGame::tgGame",
            "tgGame::SwiftPMPackageDescription",
            "tgGame::tgGamePackageTests::ProductTarget",
            "tgGame::tgGameTests"
         );
      };
      "OBJ_10" = {
         isa = "PBXGroup";
         children = (
            "OBJ_11"
         );
         name = "Tests";
         path = "";
         sourceTree = "SOURCE_ROOT";
      };
      "OBJ_100" = {
         isa = "PBXFileReference";
         path = "InternalJsonConvertible.swift";
         sourceTree = "<group>";
      };
      "OBJ_101" = {
         isa = "PBXFileReference";
         path = "JsonConvertible.swift";
         sourceTree = "<group>";
      };
      "OBJ_102" = {
         isa = "PBXFileReference";
         path = "ReplyMarkup.swift";
         sourceTree = "<group>";
      };
      "OBJ_103" = {
         isa = "PBXGroup";
         children = (
            "OBJ_104",
            "OBJ_105",
            "OBJ_106",
            "OBJ_107",
            "OBJ_108",
            "OBJ_109"
         );
         name = "Router";
         path = "Router";
         sourceTree = "<group>";
      };
      "OBJ_104" = {
         isa = "PBXFileReference";
         path = "Arguments.swift";
         sourceTree = "<group>";
      };
      "OBJ_105" = {
         isa = "PBXFileReference";
         path = "Command.swift";
         sourceTree = "<group>";
      };
      "OBJ_106" = {
         isa = "PBXFileReference";
         path = "ContentType.swift";
         sourceTree = "<group>";
      };
      "OBJ_107" = {
         isa = "PBXFileReference";
         path = "Context.swift";
         sourceTree = "<group>";
      };
      "OBJ_108" = {
         isa = "PBXFileReference";
         path = "Router+Helpers.swift";
         sourceTree = "<group>";
      };
      "OBJ_109" = {
         isa = "PBXFileReference";
         path = "Router.swift";
         sourceTree = "<group>";
      };
      "OBJ_11" = {
         isa = "PBXGroup";
         children = (
            "OBJ_12",
            "OBJ_13"
         );
         name = "tgGameTests";
         path = "Tests/tgGameTests";
         sourceTree = "SOURCE_ROOT";
      };
      "OBJ_110" = {
         isa = "PBXGroup";
         children = (
            "OBJ_111",
            "OBJ_112"
         );
         name = "SwiftyJSON";
         path = "SwiftyJSON";
         sourceTree = "<group>";
      };
      "OBJ_111" = {
         isa = "PBXFileReference";
         path = "LclJSONSerialization.swift";
         sourceTree = "<group>";
      };
      "OBJ_112" = {
         isa = "PBXFileReference";
         path = "SwiftyJSON.swift";
         sourceTree = "<group>";
      };
      "OBJ_113" = {
         isa = "PBXFileReference";
         path = "TaskAssociatedData.swift";
         sourceTree = "<group>";
      };
      "OBJ_114" = {
         isa = "PBXFileReference";
         path = "TelegramBot+Requests.swift";
         sourceTree = "<group>";
      };
      "OBJ_115" = {
         isa = "PBXFileReference";
         path = "TelegramBot+Utils.swift";
         sourceTree = "<group>";
      };
      "OBJ_116" = {
         isa = "PBXFileReference";
         path = "TelegramBot.swift";
         sourceTree = "<group>";
      };
      "OBJ_117" = {
         isa = "PBXGroup";
         children = (
            "OBJ_118",
            "OBJ_119",
            "OBJ_120",
            "OBJ_121",
            "OBJ_122",
            "OBJ_123",
            "OBJ_124",
            "OBJ_125",
            "OBJ_126",
            "OBJ_127",
            "OBJ_128",
            "OBJ_129",
            "OBJ_130",
            "OBJ_131",
            "OBJ_132",
            "OBJ_133",
            "OBJ_134",
            "OBJ_135",
            "OBJ_136",
            "OBJ_137",
            "OBJ_138",
            "OBJ_139",
            "OBJ_140",
            "OBJ_141",
            "OBJ_142",
            "OBJ_143",
            "OBJ_144",
            "OBJ_145",
            "OBJ_146",
            "OBJ_147",
            "OBJ_148",
            "OBJ_149",
            "OBJ_150",
            "OBJ_151",
            "OBJ_152",
            "OBJ_153",
            "OBJ_154",
            "OBJ_155",
            "OBJ_156",
            "OBJ_157",
            "OBJ_158",
            "OBJ_159",
            "OBJ_160",
            "OBJ_161",
            "OBJ_162",
            "OBJ_163",
            "OBJ_164",
            "OBJ_165",
            "OBJ_166",
            "OBJ_167",
            "OBJ_168",
            "OBJ_169",
            "OBJ_170",
            "OBJ_171",
            "OBJ_172",
            "OBJ_173",
            "OBJ_174",
            "OBJ_175",
            "OBJ_176",
            "OBJ_177",
            "OBJ_178",
            "OBJ_179",
            "OBJ_180",
            "OBJ_181",
            "OBJ_182",
            "OBJ_183",
            "OBJ_184",
            "OBJ_185",
            "OBJ_186",
            "OBJ_187",
            "OBJ_188",
            "OBJ_189",
            "OBJ_190",
            "OBJ_191",
            "OBJ_192",
            "OBJ_193",
            "OBJ_194",
            "OBJ_195",
            "OBJ_196",
            "OBJ_197",
            "OBJ_198",
            "OBJ_199",
            "OBJ_200",
            "OBJ_201",
            "OBJ_202",
            "OBJ_203",
            "OBJ_204",
            "OBJ_205",
            "OBJ_206",
            "OBJ_207",
            "OBJ_208",
            "OBJ_209",
            "OBJ_210",
            "OBJ_211",
            "OBJ_212",
            "OBJ_213",
            "OBJ_214",
            "OBJ_215"
         );
         name = "Types";
         path = "Types";
         sourceTree = "<group>";
      };
      "OBJ_118" = {
         isa = "PBXFileReference";
         path = "Animation.swift";
         sourceTree = "<group>";
      };
      "OBJ_119" = {
         isa = "PBXFileReference";
         path = "Audio.swift";
         sourceTree = "<group>";
      };
      "OBJ_12" = {
         isa = "PBXFileReference";
         path = "XCTestManifests.swift";
         sourceTree = "<group>";
      };
      "OBJ_120" = {
         isa = "PBXFileReference";
         path = "Bool+JsonConvertible.swift";
         sourceTree = "<group>";
      };
      "OBJ_121" = {
         isa = "PBXFileReference";
         path = "CallbackGame.swift";
         sourceTree = "<group>";
      };
      "OBJ_122" = {
         isa = "PBXFileReference";
         path = "CallbackQuery.swift";
         sourceTree = "<group>";
      };
      "OBJ_123" = {
         isa = "PBXFileReference";
         path = "Chat+Utils.swift";
         sourceTree = "<group>";
      };
      "OBJ_124" = {
         isa = "PBXFileReference";
         path = "Chat.swift";
         sourceTree = "<group>";
      };
      "OBJ_125" = {
         isa = "PBXFileReference";
         path = "ChatMember+Utils.swift";
         sourceTree = "<group>";
      };
      "OBJ_126" = {
         isa = "PBXFileReference";
         path = "ChatMember.swift";
         sourceTree = "<group>";
      };
      "OBJ_127" = {
         isa = "PBXFileReference";
         path = "ChatPhoto.swift";
         sourceTree = "<group>";
      };
      "OBJ_128" = {
         isa = "PBXFileReference";
         path = "ChosenInlineResult.swift";
         sourceTree = "<group>";
      };
      "OBJ_129" = {
         isa = "PBXFileReference";
         path = "Contact.swift";
         sourceTree = "<group>";
      };
      "OBJ_13" = {
         isa = "PBXFileReference";
         path = "tgGameTests.swift";
         sourceTree = "<group>";
      };
      "OBJ_130" = {
         isa = "PBXFileReference";
         path = "Document.swift";
         sourceTree = "<group>";
      };
      "OBJ_131" = {
         isa = "PBXFileReference";
         path = "File.swift";
         sourceTree = "<group>";
      };
      "OBJ_132" = {
         isa = "PBXFileReference";
         path = "ForceReply.swift";
         sourceTree = "<group>";
      };
      "OBJ_133" = {
         isa = "PBXFileReference";
         path = "Game.swift";
         sourceTree = "<group>";
      };
      "OBJ_134" = {
         isa = "PBXFileReference";
         path = "GameHighScore.swift";
         sourceTree = "<group>";
      };
      "OBJ_135" = {
         isa = "PBXFileReference";
         path = "InlineKeyboardButton.swift";
         sourceTree = "<group>";
      };
      "OBJ_136" = {
         isa = "PBXFileReference";
         path = "InlineKeyboardMarkup.swift";
         sourceTree = "<group>";
      };
      "OBJ_137" = {
         isa = "PBXFileReference";
         path = "InlineQuery.swift";
         sourceTree = "<group>";
      };
      "OBJ_138" = {
         isa = "PBXFileReference";
         path = "InlineQueryResultArticle.swift";
         sourceTree = "<group>";
      };
      "OBJ_139" = {
         isa = "PBXFileReference";
         path = "InlineQueryResultAudio+Utils.swift";
         sourceTree = "<group>";
      };
      "OBJ_14" = {
         isa = "PBXGroup";
         children = (
            "OBJ_15"
         );
         name = "Dependencies";
         path = "";
         sourceTree = "<group>";
      };
      "OBJ_140" = {
         isa = "PBXFileReference";
         path = "InlineQueryResultAudio.swift";
         sourceTree = "<group>";
      };
      "OBJ_141" = {
         isa = "PBXFileReference";
         path = "InlineQueryResultCachedAudio+Utils.swift";
         sourceTree = "<group>";
      };
      "OBJ_142" = {
         isa = "PBXFileReference";
         path = "InlineQueryResultCachedAudio.swift";
         sourceTree = "<group>";
      };
      "OBJ_143" = {
         isa = "PBXFileReference";
         path = "InlineQueryResultCachedDocument+Utils.swift";
         sourceTree = "<group>";
      };
      "OBJ_144" = {
         isa = "PBXFileReference";
         path = "InlineQueryResultCachedDocument.swift";
         sourceTree = "<group>";
      };
      "OBJ_145" = {
         isa = "PBXFileReference";
         path = "InlineQueryResultCachedGif+Utils.swift";
         sourceTree = "<group>";
      };
      "OBJ_146" = {
         isa = "PBXFileReference";
         path = "InlineQueryResultCachedGif.swift";
         sourceTree = "<group>";
      };
      "OBJ_147" = {
         isa = "PBXFileReference";
         path = "InlineQueryResultCachedMpeg4Gif+Utils.swift";
         sourceTree = "<group>";
      };
      "OBJ_148" = {
         isa = "PBXFileReference";
         path = "InlineQueryResultCachedMpeg4Gif.swift";
         sourceTree = "<group>";
      };
      "OBJ_149" = {
         isa = "PBXFileReference";
         path = "InlineQueryResultCachedPhoto+Utils.swift";
         sourceTree = "<group>";
      };
      "OBJ_15" = {
         isa = "PBXGroup";
         children = (
            "OBJ_16",
            "OBJ_218",
            "OBJ_223"
         );
         name = "TelegramBotSDK";
         path = "";
         sourceTree = "SOURCE_ROOT";
      };
      "OBJ_150" = {
         isa = "PBXFileReference";
         path = "InlineQueryResultCachedPhoto.swift";
         sourceTree = "<group>";
      };
      "OBJ_151" = {
         isa = "PBXFileReference";
         path = "InlineQueryResultCachedSticker.swift";
         sourceTree = "<group>";
      };
      "OBJ_152" = {
         isa = "PBXFileReference";
         path = "InlineQueryResultCachedVideo+Utils.swift";
         sourceTree = "<group>";
      };
      "OBJ_153" = {
         isa = "PBXFileReference";
         path = "InlineQueryResultCachedVideo.swift";
         sourceTree = "<group>";
      };
      "OBJ_154" = {
         isa = "PBXFileReference";
         path = "InlineQueryResultCachedVoice+Utils.swift";
         sourceTree = "<group>";
      };
      "OBJ_155" = {
         isa = "PBXFileReference";
         path = "InlineQueryResultCachedVoice.swift";
         sourceTree = "<group>";
      };
      "OBJ_156" = {
         isa = "PBXFileReference";
         path = "InlineQueryResultContact.swift";
         sourceTree = "<group>";
      };
      "OBJ_157" = {
         isa = "PBXFileReference";
         path = "InlineQueryResultDocument+Utils.swift";
         sourceTree = "<group>";
      };
      "OBJ_158" = {
         isa = "PBXFileReference";
         path = "InlineQueryResultDocument.swift";
         sourceTree = "<group>";
      };
      "OBJ_159" = {
         isa = "PBXFileReference";
         path = "InlineQueryResultGame.swift";
         sourceTree = "<group>";
      };
      "OBJ_16" = {
         isa = "PBXGroup";
         children = (
            "OBJ_17",
            "OBJ_18",
            "OBJ_19",
            "OBJ_20",
            "OBJ_31",
            "OBJ_32",
            "OBJ_94",
            "OBJ_103",
            "OBJ_110",
            "OBJ_113",
            "OBJ_114",
            "OBJ_115",
            "OBJ_116",
            "OBJ_117",
            "OBJ_216",
            "OBJ_217"
         );
         name = "TelegramBotSDK";
         path = ".build/checkouts/telegram-bot-swift.git--4578987719514064685/Sources/TelegramBotSDK";
         sourceTree = "SOURCE_ROOT";
      };
      "OBJ_160" = {
         isa = "PBXFileReference";
         path = "InlineQueryResultGif+Utils.swift";
         sourceTree = "<group>";
      };
      "OBJ_161" = {
         isa = "PBXFileReference";
         path = "InlineQueryResultGif.swift";
         sourceTree = "<group>";
      };
      "OBJ_162" = {
         isa = "PBXFileReference";
         path = "InlineQueryResultLocation.swift";
         sourceTree = "<group>";
      };
      "OBJ_163" = {
         isa = "PBXFileReference";
         path = "InlineQueryResultMpeg4Gif.swift";
         sourceTree = "<group>";
      };
      "OBJ_164" = {
         isa = "PBXFileReference";
         path = "InlineQueryResultPhoto.swift";
         sourceTree = "<group>";
      };
      "OBJ_165" = {
         isa = "PBXFileReference";
         path = "InlineQueryResultVenue.swift";
         sourceTree = "<group>";
      };
      "OBJ_166" = {
         isa = "PBXFileReference";
         path = "InlineQueryResultVideo+Utils.swift";
         sourceTree = "<group>";
      };
      "OBJ_167" = {
         isa = "PBXFileReference";
         path = "InlineQueryResultVideo.swift";
         sourceTree = "<group>";
      };
      "OBJ_168" = {
         isa = "PBXFileReference";
         path = "InlineQueryResultVoice+Utils.swift";
         sourceTree = "<group>";
      };
      "OBJ_169" = {
         isa = "PBXFileReference";
         path = "InlineQueryResultVoice.swift";
         sourceTree = "<group>";
      };
      "OBJ_17" = {
         isa = "PBXFileReference";
         path = "BotName.swift";
         sourceTree = "<group>";
      };
      "OBJ_170" = {
         isa = "PBXFileReference";
         path = "InputContactMessageContent.swift";
         sourceTree = "<group>";
      };
      "OBJ_171" = {
         isa = "PBXFileReference";
         path = "InputFile.swift";
         sourceTree = "<group>";
      };
      "OBJ_172" = {
         isa = "PBXFileReference";
         path = "InputLocationMessageContent.swift";
         sourceTree = "<group>";
      };
      "OBJ_173" = {
         isa = "PBXFileReference";
         path = "InputMediaPhoto+Utils.swift";
         sourceTree = "<group>";
      };
      "OBJ_174" = {
         isa = "PBXFileReference";
         path = "InputMediaPhoto.swift";
         sourceTree = "<group>";
      };
      "OBJ_175" = {
         isa = "PBXFileReference";
         path = "InputMediaVideo+Utils.swift";
         sourceTree = "<group>";
      };
      "OBJ_176" = {
         isa = "PBXFileReference";
         path = "InputMediaVideo.swift";
         sourceTree = "<group>";
      };
      "OBJ_177" = {
         isa = "PBXFileReference";
         path = "InputTextMessageContent+Utils.swift";
         sourceTree = "<group>";
      };
      "OBJ_178" = {
         isa = "PBXFileReference";
         path = "InputTextMessageContent.swift";
         sourceTree = "<group>";
      };
      "OBJ_179" = {
         isa = "PBXFileReference";
         path = "InputVenueMessageContent.swift";
         sourceTree = "<group>";
      };
      "OBJ_18" = {
         isa = "PBXFileReference";
         path = "DataTaskError.swift";
         sourceTree = "<group>";
      };
      "OBJ_180" = {
         isa = "PBXFileReference";
         path = "Int+JsonConvertible.swift";
         sourceTree = "<group>";
      };
      "OBJ_181" = {
         isa = "PBXFileReference";
         path = "Int64+JsonConvertible.swift";
         sourceTree = "<group>";
      };
      "OBJ_182" = {
         isa = "PBXFileReference";
         path = "Invoice.swift";
         sourceTree = "<group>";
      };
      "OBJ_183" = {
         isa = "PBXFileReference";
         path = "JSON+JsonConvertible.swift";
         sourceTree = "<group>";
      };
      "OBJ_184" = {
         isa = "PBXFileReference";
         path = "KeyboardButton.swift";
         sourceTree = "<group>";
      };
      "OBJ_185" = {
         isa = "PBXFileReference";
         path = "LabeledPrice.swift";
         sourceTree = "<group>";
      };
      "OBJ_186" = {
         isa = "PBXFileReference";
         path = "Location.swift";
         sourceTree = "<group>";
      };
      "OBJ_187" = {
         isa = "PBXFileReference";
         path = "MaskPosition.swift";
         sourceTree = "<group>";
      };
      "OBJ_188" = {
         isa = "PBXFileReference";
         path = "Message+Command.swift";
         sourceTree = "<group>";
      };
      "OBJ_189" = {
         isa = "PBXFileReference";
         path = "Message.swift";
         sourceTree = "<group>";
      };
      "OBJ_19" = {
         isa = "PBXFileReference";
         path = "DictionaryUtils.swift";
         sourceTree = "<group>";
      };
      "OBJ_190" = {
         isa = "PBXFileReference";
         path = "MessageEntity+Utils.swift";
         sourceTree = "<group>";
      };
      "OBJ_191" = {
         isa = "PBXFileReference";
         path = "MessageEntity.swift";
         sourceTree = "<group>";
      };
      "OBJ_192" = {
         isa = "PBXFileReference";
         path = "MessageOrBool.swift";
         sourceTree = "<group>";
      };
      "OBJ_193" = {
         isa = "PBXFileReference";
         path = "OrderInfo.swift";
         sourceTree = "<group>";
      };
      "OBJ_194" = {
         isa = "PBXFileReference";
         path = "PhotoSize.swift";
         sourceTree = "<group>";
      };
      "OBJ_195" = {
         isa = "PBXFileReference";
         path = "PreCheckoutQuery.swift";
         sourceTree = "<group>";
      };
      "OBJ_196" = {
         isa = "PBXFileReference";
         path = "ReplyKeyboardMarkup+Utils.swift";
         sourceTree = "<group>";
      };
      "OBJ_197" = {
         isa = "PBXFileReference";
         path = "ReplyKeyboardMarkup.swift";
         sourceTree = "<group>";
      };
      "OBJ_198" = {
         isa = "PBXFileReference";
         path = "ReplyKeyboardRemove.swift";
         sourceTree = "<group>";
      };
      "OBJ_199" = {
         isa = "PBXFileReference";
         path = "Response.swift";
         sourceTree = "<group>";
      };
      "OBJ_2" = {
         isa = "XCConfigurationList";
         buildConfigurations = (
            "OBJ_3",
            "OBJ_4"
         );
         defaultConfigurationIsVisible = "0";
         defaultConfigurationName = "Release";
      };
      "OBJ_20" = {
         isa = "PBXGroup";
         children = (
            "OBJ_21",
            "OBJ_22",
            "OBJ_23",
            "OBJ_24",
            "OBJ_25",
            "OBJ_26",
            "OBJ_27",
            "OBJ_28",
            "OBJ_29",
            "OBJ_30"
         );
         name = "Extensions";
         path = "Extensions";
         sourceTree = "<group>";
      };
      "OBJ_200" = {
         isa = "PBXFileReference";
         path = "ResponseParameters.swift";
         sourceTree = "<group>";
      };
      "OBJ_201" = {
         isa = "PBXFileReference";
         path = "ShippingAddress.swift";
         sourceTree = "<group>";
      };
      "OBJ_202" = {
         isa = "PBXFileReference";
         path = "ShippingOption.swift";
         sourceTree = "<group>";
      };
      "OBJ_203" = {
         isa = "PBXFileReference";
         path = "ShippingQuery.swift";
         sourceTree = "<group>";
      };
      "OBJ_204" = {
         isa = "PBXFileReference";
         path = "Sticker.swift";
         sourceTree = "<group>";
      };
      "OBJ_205" = {
         isa = "PBXFileReference";
         path = "StickerSet.swift";
         sourceTree = "<group>";
      };
      "OBJ_206" = {
         isa = "PBXFileReference";
         path = "String+JsonConvertible.swift";
         sourceTree = "<group>";
      };
      "OBJ_207" = {
         isa = "PBXFileReference";
         path = "SuccessfulPayment.swift";
         sourceTree = "<group>";
      };
      "OBJ_208" = {
         isa = "PBXFileReference";
         path = "Update.swift";
         sourceTree = "<group>";
      };
      "OBJ_209" = {
         isa = "PBXFileReference";
         path = "User.swift";
         sourceTree = "<group>";
      };
      "OBJ_21" = {
         isa = "PBXFileReference";
         path = "JSON+Utils.swift";
         sourceTree = "<group>";
      };
      "OBJ_210" = {
         isa = "PBXFileReference";
         path = "UserProfilePhotos.swift";
         sourceTree = "<group>";
      };
      "OBJ_211" = {
         isa = "PBXFileReference";
         path = "Venue.swift";
         sourceTree = "<group>";
      };
      "OBJ_212" = {
         isa = "PBXFileReference";
         path = "Video.swift";
         sourceTree = "<group>";
      };
      "OBJ_213" = {
         isa = "PBXFileReference";
         path = "VideoNote.swift";
         sourceTree = "<group>";
      };
      "OBJ_214" = {
         isa = "PBXFileReference";
         path = "Voice.swift";
         sourceTree = "<group>";
      };
      "OBJ_215" = {
         isa = "PBXFileReference";
         path = "WebhookInfo.swift";
         sourceTree = "<group>";
      };
      "OBJ_216" = {
         isa = "PBXFileReference";
         path = "Utils.swift";
         sourceTree = "<group>";
      };
      "OBJ_217" = {
         isa = "PBXFileReference";
         path = "WriteCallbackData.swift";
         sourceTree = "<group>";
      };
      "OBJ_218" = {
         isa = "PBXGroup";
         children = (
            "OBJ_219",
            "OBJ_220"
         );
         name = "CCurl";
         path = ".build/checkouts/telegram-bot-swift.git--4578987719514064685/Sources/CCurl";
         sourceTree = "SOURCE_ROOT";
      };
      "OBJ_219" = {
         isa = "PBXFileReference";
         path = "shim.c";
         sourceTree = "<group>";
      };
      "OBJ_22" = {
         isa = "PBXFileReference";
         path = "NSRunLoop+Utils.swift";
         sourceTree = "<group>";
      };
      "OBJ_220" = {
         isa = "PBXGroup";
         children = (
            "OBJ_221",
            "OBJ_222"
         );
         name = "include";
         path = "include";
         sourceTree = "<group>";
      };
      "OBJ_221" = {
         isa = "PBXFileReference";
         path = "shim.h";
         sourceTree = "<group>";
      };
      "OBJ_222" = {
         isa = "PBXFileReference";
         name = "module.modulemap";
         path = "/Users/Alexey/Desktop/Projects/tgGame/.build/checkouts/telegram-bot-swift.git--4578987719514064685/Sources/CCurl/include/module.modulemap";
         sourceTree = "<group>";
      };
      "OBJ_223" = {
         isa = "PBXFileReference";
         explicitFileType = "sourcecode.swift";
         name = "Package.swift";
         path = "/Users/Alexey/Desktop/Projects/tgGame/.build/checkouts/telegram-bot-swift.git--4578987719514064685/Package.swift";
         sourceTree = "<group>";
      };
      "OBJ_224" = {
         isa = "PBXGroup";
         children = (
            "TelegramBotSDK::CCurl::Product",
            "tgGame::tgGame::Product",
            "TelegramBotSDK::TelegramBotSDK::Product",
            "tgGame::tgGameTests::Product"
         );
         name = "Products";
         path = "";
         sourceTree = "BUILT_PRODUCTS_DIR";
      };
      "OBJ_23" = {
         isa = "PBXFileReference";
         path = "Optional+Unwrap.swift";
         sourceTree = "<group>";
      };
      "OBJ_230" = {
         isa = "XCConfigurationList";
         buildConfigurations = (
            "OBJ_231",
            "OBJ_232"
         );
         defaultConfigurationIsVisible = "0";
         defaultConfigurationName = "Release";
      };
      "OBJ_231" = {
         isa = "XCBuildConfiguration";
         buildSettings = {
            DEFINES_MODULE = "NO";
            ENABLE_TESTABILITY = "YES";
            FRAMEWORK_SEARCH_PATHS = (
               "$(inherited)",
               "$(PLATFORM_DIR)/Developer/Library/Frameworks"
            );
            HEADER_SEARCH_PATHS = (
               "$(inherited)",
               "$(SRCROOT)/.build/checkouts/telegram-bot-swift.git--4578987719514064685/Sources/CCurl/include"
            );
            INFOPLIST_FILE = "tgGame.xcodeproj/CCurl_Info.plist";
            LD_RUNPATH_SEARCH_PATHS = (
               "$(inherited)",
               "$(TOOLCHAIN_DIR)/usr/lib/swift/macosx"
            );
            OTHER_CFLAGS = (
               "$(inherited)"
            );
            OTHER_LDFLAGS = (
               "$(inherited)"
            );
            OTHER_SWIFT_FLAGS = (
               "$(inherited)"
            );
            PRODUCT_BUNDLE_IDENTIFIER = "CCurl";
            PRODUCT_MODULE_NAME = "$(TARGET_NAME:c99extidentifier)";
            PRODUCT_NAME = "$(TARGET_NAME:c99extidentifier)";
            SKIP_INSTALL = "YES";
            SWIFT_ACTIVE_COMPILATION_CONDITIONS = (
               "$(inherited)"
            );
            TARGET_NAME = "CCurl";
         };
         name = "Debug";
      };
      "OBJ_232" = {
         isa = "XCBuildConfiguration";
         buildSettings = {
            DEFINES_MODULE = "NO";
            ENABLE_TESTABILITY = "YES";
            FRAMEWORK_SEARCH_PATHS = (
               "$(inherited)",
               "$(PLATFORM_DIR)/Developer/Library/Frameworks"
            );
            HEADER_SEARCH_PATHS = (
               "$(inherited)",
               "$(SRCROOT)/.build/checkouts/telegram-bot-swift.git--4578987719514064685/Sources/CCurl/include"
            );
            INFOPLIST_FILE = "tgGame.xcodeproj/CCurl_Info.plist";
            LD_RUNPATH_SEARCH_PATHS = (
               "$(inherited)",
               "$(TOOLCHAIN_DIR)/usr/lib/swift/macosx"
            );
            OTHER_CFLAGS = (
               "$(inherited)"
            );
            OTHER_LDFLAGS = (
               "$(inherited)"
            );
            OTHER_SWIFT_FLAGS = (
               "$(inherited)"
            );
            PRODUCT_BUNDLE_IDENTIFIER = "CCurl";
            PRODUCT_MODULE_NAME = "$(TARGET_NAME:c99extidentifier)";
            PRODUCT_NAME = "$(TARGET_NAME:c99extidentifier)";
            SKIP_INSTALL = "YES";
            SWIFT_ACTIVE_COMPILATION_CONDITIONS = (
               "$(inherited)"
            );
            TARGET_NAME = "CCurl";
         };
         name = "Release";
      };
      "OBJ_233" = {
         isa = "PBXSourcesBuildPhase";
         files = (
            "OBJ_234"
         );
      };
      "OBJ_234" = {
         isa = "PBXBuildFile";
         fileRef = "OBJ_219";
      };
      "OBJ_235" = {
         isa = "PBXFrameworksBuildPhase";
         files = (
         );
      };
      "OBJ_237" = {
         isa = "XCConfigurationList";
         buildConfigurations = (
            "OBJ_238",
            "OBJ_239"
         );
         defaultConfigurationIsVisible = "0";
         defaultConfigurationName = "Release";
      };
      "OBJ_238" = {
         isa = "XCBuildConfiguration";
         buildSettings = {
            ENABLE_TESTABILITY = "YES";
            FRAMEWORK_SEARCH_PATHS = (
               "$(inherited)",
               "$(PLATFORM_DIR)/Developer/Library/Frameworks"
            );
            HEADER_SEARCH_PATHS = (
               "$(inherited)",
               "$(SRCROOT)/.build/checkouts/telegram-bot-swift.git--4578987719514064685/Sources/CCurl/include"
            );
            INFOPLIST_FILE = "tgGame.xcodeproj/TelegramBotSDK_Info.plist";
            LD_RUNPATH_SEARCH_PATHS = (
               "$(inherited)",
               "$(TOOLCHAIN_DIR)/usr/lib/swift/macosx"
            );
            OTHER_CFLAGS = (
               "$(inherited)"
            );
            OTHER_LDFLAGS = (
               "$(inherited)"
            );
            OTHER_SWIFT_FLAGS = (
               "$(inherited)",
               "-Xcc",
               "-fmodule-map-file=$(SRCROOT)/.build/checkouts/telegram-bot-swift.git--4578987719514064685/Sources/CCurl/include/module.modulemap"
            );
            PRODUCT_BUNDLE_IDENTIFIER = "TelegramBotSDK";
            PRODUCT_MODULE_NAME = "$(TARGET_NAME:c99extidentifier)";
            PRODUCT_NAME = "$(TARGET_NAME:c99extidentifier)";
            SKIP_INSTALL = "YES";
            SWIFT_ACTIVE_COMPILATION_CONDITIONS = (
               "$(inherited)"
            );
            SWIFT_VERSION = "4.0";
            TARGET_NAME = "TelegramBotSDK";
         };
         name = "Debug";
      };
      "OBJ_239" = {
         isa = "XCBuildConfiguration";
         buildSettings = {
            ENABLE_TESTABILITY = "YES";
            FRAMEWORK_SEARCH_PATHS = (
               "$(inherited)",
               "$(PLATFORM_DIR)/Developer/Library/Frameworks"
            );
            HEADER_SEARCH_PATHS = (
               "$(inherited)",
               "$(SRCROOT)/.build/checkouts/telegram-bot-swift.git--4578987719514064685/Sources/CCurl/include"
            );
            INFOPLIST_FILE = "tgGame.xcodeproj/TelegramBotSDK_Info.plist";
            LD_RUNPATH_SEARCH_PATHS = (
               "$(inherited)",
               "$(TOOLCHAIN_DIR)/usr/lib/swift/macosx"
            );
            OTHER_CFLAGS = (
               "$(inherited)"
            );
            OTHER_LDFLAGS = (
               "$(inherited)"
            );
            OTHER_SWIFT_FLAGS = (
               "$(inherited)",
               "-Xcc",
               "-fmodule-map-file=$(SRCROOT)/.build/checkouts/telegram-bot-swift.git--4578987719514064685/Sources/CCurl/include/module.modulemap"
            );
            PRODUCT_BUNDLE_IDENTIFIER = "TelegramBotSDK";
            PRODUCT_MODULE_NAME = "$(TARGET_NAME:c99extidentifier)";
            PRODUCT_NAME = "$(TARGET_NAME:c99extidentifier)";
            SKIP_INSTALL = "YES";
            SWIFT_ACTIVE_COMPILATION_CONDITIONS = (
               "$(inherited)"
            );
            SWIFT_VERSION = "4.0";
            TARGET_NAME = "TelegramBotSDK";
         };
         name = "Release";
      };
      "OBJ_24" = {
         isa = "PBXFileReference";
         path = "Scanner+Compatibility.swift";
         sourceTree = "<group>";
      };
      "OBJ_240" = {
         isa = "PBXSourcesBuildPhase";
         files = (
            "OBJ_241",
            "OBJ_242",
            "OBJ_243",
            "OBJ_244",
            "OBJ_245",
            "OBJ_246",
            "OBJ_247",
            "OBJ_248",
            "OBJ_249",
            "OBJ_250",
            "OBJ_251",
            "OBJ_252",
            "OBJ_253",
            "OBJ_254",
            "OBJ_255",
            "OBJ_256",
            "OBJ_257",
            "OBJ_258",
            "OBJ_259",
            "OBJ_260",
            "OBJ_261",
            "OBJ_262",
            "OBJ_263",
            "OBJ_264",
            "OBJ_265",
            "OBJ_266",
            "OBJ_267",
            "OBJ_268",
            "OBJ_269",
            "OBJ_270",
            "OBJ_271",
            "OBJ_272",
            "OBJ_273",
            "OBJ_274",
            "OBJ_275",
            "OBJ_276",
            "OBJ_277",
            "OBJ_278",
            "OBJ_279",
            "OBJ_280",
            "OBJ_281",
            "OBJ_282",
            "OBJ_283",
            "OBJ_284",
            "OBJ_285",
            "OBJ_286",
            "OBJ_287",
            "OBJ_288",
            "OBJ_289",
            "OBJ_290",
            "OBJ_291",
            "OBJ_292",
            "OBJ_293",
            "OBJ_294",
            "OBJ_295",
            "OBJ_296",
            "OBJ_297",
            "OBJ_298",
            "OBJ_299",
            "OBJ_300",
            "OBJ_301",
            "OBJ_302",
            "OBJ_303",
            "OBJ_304",
            "OBJ_305",
            "OBJ_306",
            "OBJ_307",
            "OBJ_308",
            "OBJ_309",
            "OBJ_310",
            "OBJ_311",
            "OBJ_312",
            "OBJ_313",
            "OBJ_314",
            "OBJ_315",
            "OBJ_316",
            "OBJ_317",
            "OBJ_318",
            "OBJ_319",
            "OBJ_320",
            "OBJ_321",
            "OBJ_322",
            "OBJ_323",
            "OBJ_324",
            "OBJ_325",
            "OBJ_326",
            "OBJ_327",
            "OBJ_328",
            "OBJ_329",
            "OBJ_330",
            "OBJ_331",
            "OBJ_332",
            "OBJ_333",
            "OBJ_334",
            "OBJ_335",
            "OBJ_336",
            "OBJ_337",
            "OBJ_338",
            "OBJ_339",
            "OBJ_340",
            "OBJ_341",
            "OBJ_342",
            "OBJ_343",
            "OBJ_344",
            "OBJ_345",
            "OBJ_346",
            "OBJ_347",
            "OBJ_348",
            "OBJ_349",
            "OBJ_350",
            "OBJ_351",
            "OBJ_352",
            "OBJ_353",
            "OBJ_354",
            "OBJ_355",
            "OBJ_356",
            "OBJ_357",
            "OBJ_358",
            "OBJ_359",
            "OBJ_360",
            "OBJ_361",
            "OBJ_362",
            "OBJ_363",
            "OBJ_364",
            "OBJ_365",
            "OBJ_366",
            "OBJ_367",
            "OBJ_368",
            "OBJ_369",
            "OBJ_370",
            "OBJ_371",
            "OBJ_372",
            "OBJ_373",
            "OBJ_374",
            "OBJ_375",
            "OBJ_376",
            "OBJ_377",
            "OBJ_378",
            "OBJ_379",
            "OBJ_380",
            "OBJ_381",
            "OBJ_382",
            "OBJ_383",
            "OBJ_384",
            "OBJ_385",
            "OBJ_386",
            "OBJ_387",
            "OBJ_388",
            "OBJ_389",
            "OBJ_390",
            "OBJ_391",
            "OBJ_392",
            "OBJ_393",
            "OBJ_394",
            "OBJ_395",
            "OBJ_396",
            "OBJ_397",
            "OBJ_398",
            "OBJ_399",
            "OBJ_400",
            "OBJ_401",
            "OBJ_402",
            "OBJ_403",
            "OBJ_404",
            "OBJ_405",
            "OBJ_406",
            "OBJ_407",
            "OBJ_408",
            "OBJ_409",
            "OBJ_410",
            "OBJ_411",
            "OBJ_412",
            "OBJ_413",
            "OBJ_414",
            "OBJ_415",
            "OBJ_416",
            "OBJ_417",
            "OBJ_418",
            "OBJ_419",
            "OBJ_420",
            "OBJ_421",
            "OBJ_422",
            "OBJ_423",
            "OBJ_424",
            "OBJ_425",
            "OBJ_426",
            "OBJ_427",
            "OBJ_428",
            "OBJ_429",
            "OBJ_430",
            "OBJ_431",
            "OBJ_432",
            "OBJ_433",
            "OBJ_434",
            "OBJ_435"
         );
      };
      "OBJ_241" = {
         isa = "PBXBuildFile";
         fileRef = "OBJ_17";
      };
      "OBJ_242" = {
         isa = "PBXBuildFile";
         fileRef = "OBJ_18";
      };
      "OBJ_243" = {
         isa = "PBXBuildFile";
         fileRef = "OBJ_19";
      };
      "OBJ_244" = {
         isa = "PBXBuildFile";
         fileRef = "OBJ_21";
      };
      "OBJ_245" = {
         isa = "PBXBuildFile";
         fileRef = "OBJ_22";
      };
      "OBJ_246" = {
         isa = "PBXBuildFile";
         fileRef = "OBJ_23";
      };
      "OBJ_247" = {
         isa = "PBXBuildFile";
         fileRef = "OBJ_24";
      };
      "OBJ_248" = {
         isa = "PBXBuildFile";
         fileRef = "OBJ_25";
      };
      "OBJ_249" = {
         isa = "PBXBuildFile";
         fileRef = "OBJ_26";
      };
      "OBJ_25" = {
         isa = "PBXFileReference";
         path = "Scanner+Utils.swift";
         sourceTree = "<group>";
      };
      "OBJ_250" = {
         isa = "PBXBuildFile";
         fileRef = "OBJ_27";
      };
      "OBJ_251" = {
         isa = "PBXBuildFile";
         fileRef = "OBJ_28";
      };
      "OBJ_252" = {
         isa = "PBXBuildFile";
         fileRef = "OBJ_29";
      };
      "OBJ_253" = {
         isa = "PBXBuildFile";
         fileRef = "OBJ_30";
      };
      "OBJ_254" = {
         isa = "PBXBuildFile";
         fileRef = "OBJ_31";
      };
      "OBJ_255" = {
         isa = "PBXBuildFile";
         fileRef = "OBJ_33";
      };
      "OBJ_256" = {
         isa = "PBXBuildFile";
         fileRef = "OBJ_34";
      };
      "OBJ_257" = {
         isa = "PBXBuildFile";
         fileRef = "OBJ_35";
      };
      "OBJ_258" = {
         isa = "PBXBuildFile";
         fileRef = "OBJ_36";
      };
      "OBJ_259" = {
         isa = "PBXBuildFile";
         fileRef = "OBJ_37";
      };
      "OBJ_26" = {
         isa = "PBXFileReference";
         path = "String+ExtractBotCommand.swift";
         sourceTree = "<group>";
      };
      "OBJ_260" = {
         isa = "PBXBuildFile";
         fileRef = "OBJ_38";
      };
      "OBJ_261" = {
         isa = "PBXBuildFile";
         fileRef = "OBJ_39";
      };
      "OBJ_262" = {
         isa = "PBXBuildFile";
         fileRef = "OBJ_40";
      };
      "OBJ_263" = {
         isa = "PBXBuildFile";
         fileRef = "OBJ_41";
      };
      "OBJ_264" = {
         isa = "PBXBuildFile";
         fileRef = "OBJ_42";
      };
      "OBJ_265" = {
         isa = "PBXBuildFile";
         fileRef = "OBJ_43";
      };
      "OBJ_266" = {
         isa = "PBXBuildFile";
         fileRef = "OBJ_44";
      };
      "OBJ_267" = {
         isa = "PBXBuildFile";
         fileRef = "OBJ_45";
      };
      "OBJ_268" = {
         isa = "PBXBuildFile";
         fileRef = "OBJ_46";
      };
      "OBJ_269" = {
         isa = "PBXBuildFile";
         fileRef = "OBJ_47";
      };
      "OBJ_27" = {
         isa = "PBXFileReference";
         path = "String+HTTP.swift";
         sourceTree = "<group>";
      };
      "OBJ_270" = {
         isa = "PBXBuildFile";
         fileRef = "OBJ_48";
      };
      "OBJ_271" = {
         isa = "PBXBuildFile";
         fileRef = "OBJ_49";
      };
      "OBJ_272" = {
         isa = "PBXBuildFile";
         fileRef = "OBJ_50";
      };
      "OBJ_273" = {
         isa = "PBXBuildFile";
         fileRef = "OBJ_51";
      };
      "OBJ_274" = {
         isa = "PBXBuildFile";
         fileRef = "OBJ_52";
      };
      "OBJ_275" = {
         isa = "PBXBuildFile";
         fileRef = "OBJ_53";
      };
      "OBJ_276" = {
         isa = "PBXBuildFile";
         fileRef = "OBJ_54";
      };
      "OBJ_277" = {
         isa = "PBXBuildFile";
         fileRef = "OBJ_55";
      };
      "OBJ_278" = {
         isa = "PBXBuildFile";
         fileRef = "OBJ_56";
      };
      "OBJ_279" = {
         isa = "PBXBuildFile";
         fileRef = "OBJ_57";
      };
      "OBJ_28" = {
         isa = "PBXFileReference";
         path = "String+Trim.swift";
         sourceTree = "<group>";
      };
      "OBJ_280" = {
         isa = "PBXBuildFile";
         fileRef = "OBJ_58";
      };
      "OBJ_281" = {
         isa = "PBXBuildFile";
         fileRef = "OBJ_59";
      };
      "OBJ_282" = {
         isa = "PBXBuildFile";
         fileRef = "OBJ_60";
      };
      "OBJ_283" = {
         isa = "PBXBuildFile";
         fileRef = "OBJ_61";
      };
      "OBJ_284" = {
         isa = "PBXBuildFile";
         fileRef = "OBJ_62";
      };
      "OBJ_285" = {
         isa = "PBXBuildFile";
         fileRef = "OBJ_63";
      };
      "OBJ_286" = {
         isa = "PBXBuildFile";
         fileRef = "OBJ_64";
      };
      "OBJ_287" = {
         isa = "PBXBuildFile";
         fileRef = "OBJ_65";
      };
      "OBJ_288" = {
         isa = "PBXBuildFile";
         fileRef = "OBJ_66";
      };
      "OBJ_289" = {
         isa = "PBXBuildFile";
         fileRef = "OBJ_67";
      };
      "OBJ_29" = {
         isa = "PBXFileReference";
         path = "String+Utils.swift";
         sourceTree = "<group>";
      };
      "OBJ_290" = {
         isa = "PBXBuildFile";
         fileRef = "OBJ_68";
      };
      "OBJ_291" = {
         isa = "PBXBuildFile";
         fileRef = "OBJ_69";
      };
      "OBJ_292" = {
         isa = "PBXBuildFile";
         fileRef = "OBJ_70";
      };
      "OBJ_293" = {
         isa = "PBXBuildFile";
         fileRef = "OBJ_71";
      };
      "OBJ_294" = {
         isa = "PBXBuildFile";
         fileRef = "OBJ_72";
      };
      "OBJ_295" = {
         isa = "PBXBuildFile";
         fileRef = "OBJ_73";
      };
      "OBJ_296" = {
         isa = "PBXBuildFile";
         fileRef = "OBJ_74";
      };
      "OBJ_297" = {
         isa = "PBXBuildFile";
         fileRef = "OBJ_75";
      };
      "OBJ_298" = {
         isa = "PBXBuildFile";
         fileRef = "OBJ_76";
      };
      "OBJ_299" = {
         isa = "PBXBuildFile";
         fileRef = "OBJ_77";
      };
      "OBJ_3" = {
         isa = "XCBuildConfiguration";
         buildSettings = {
            CLANG_ENABLE_OBJC_ARC = "YES";
            COMBINE_HIDPI_IMAGES = "YES";
            COPY_PHASE_STRIP = "NO";
            DEBUG_INFORMATION_FORMAT = "dwarf";
            DYLIB_INSTALL_NAME_BASE = "@rpath";
            ENABLE_NS_ASSERTIONS = "YES";
            GCC_OPTIMIZATION_LEVEL = "0";
            GCC_PREPROCESSOR_DEFINITIONS = (
               "DEBUG=1",
               "$(inherited)"
            );
            MACOSX_DEPLOYMENT_TARGET = "10.10";
            ONLY_ACTIVE_ARCH = "YES";
            OTHER_SWIFT_FLAGS = (
               "-DXcode"
            );
            PRODUCT_NAME = "$(TARGET_NAME)";
            SDKROOT = "macosx";
            SUPPORTED_PLATFORMS = (
               "macosx",
               "iphoneos",
               "iphonesimulator",
               "appletvos",
               "appletvsimulator",
               "watchos",
               "watchsimulator"
            );
            SWIFT_ACTIVE_COMPILATION_CONDITIONS = (
               "SWIFT_PACKAGE",
               "DEBUG"
            );
            SWIFT_OPTIMIZATION_LEVEL = "-Onone";
            USE_HEADERMAP = "NO";
         };
         name = "Debug";
      };
      "OBJ_30" = {
         isa = "PBXFileReference";
         path = "TelegramBot+Enums.swift";
         sourceTree = "<group>";
      };
      "OBJ_300" = {
         isa = "PBXBuildFile";
         fileRef = "OBJ_78";
      };
      "OBJ_301" = {
         isa = "PBXBuildFile";
         fileRef = "OBJ_79";
      };
      "OBJ_302" = {
         isa = "PBXBuildFile";
         fileRef = "OBJ_80";
      };
      "OBJ_303" = {
         isa = "PBXBuildFile";
         fileRef = "OBJ_81";
      };
      "OBJ_304" = {
         isa = "PBXBuildFile";
         fileRef = "OBJ_82";
      };
      "OBJ_305" = {
         isa = "PBXBuildFile";
         fileRef = "OBJ_83";
      };
      "OBJ_306" = {
         isa = "PBXBuildFile";
         fileRef = "OBJ_84";
      };
      "OBJ_307" = {
         isa = "PBXBuildFile";
         fileRef = "OBJ_85";
      };
      "OBJ_308" = {
         isa = "PBXBuildFile";
         fileRef = "OBJ_86";
      };
      "OBJ_309" = {
         isa = "PBXBuildFile";
         fileRef = "OBJ_87";
      };
      "OBJ_31" = {
         isa = "PBXFileReference";
         path = "HTTPUtils.swift";
         sourceTree = "<group>";
      };
      "OBJ_310" = {
         isa = "PBXBuildFile";
         fileRef = "OBJ_88";
      };
      "OBJ_311" = {
         isa = "PBXBuildFile";
         fileRef = "OBJ_89";
      };
      "OBJ_312" = {
         isa = "PBXBuildFile";
         fileRef = "OBJ_90";
      };
      "OBJ_313" = {
         isa = "PBXBuildFile";
         fileRef = "OBJ_91";
      };
      "OBJ_314" = {
         isa = "PBXBuildFile";
         fileRef = "OBJ_92";
      };
      "OBJ_315" = {
         isa = "PBXBuildFile";
         fileRef = "OBJ_93";
      };
      "OBJ_316" = {
         isa = "PBXBuildFile";
         fileRef = "OBJ_95";
      };
      "OBJ_317" = {
         isa = "PBXBuildFile";
         fileRef = "OBJ_96";
      };
      "OBJ_318" = {
         isa = "PBXBuildFile";
         fileRef = "OBJ_97";
      };
      "OBJ_319" = {
         isa = "PBXBuildFile";
         fileRef = "OBJ_98";
      };
      "OBJ_32" = {
         isa = "PBXGroup";
         children = (
            "OBJ_33",
            "OBJ_34",
            "OBJ_35",
            "OBJ_36",
            "OBJ_37",
            "OBJ_38",
            "OBJ_39",
            "OBJ_40",
            "OBJ_41",
            "OBJ_42",
            "OBJ_43",
            "OBJ_44",
            "OBJ_45",
            "OBJ_46",
            "OBJ_47",
            "OBJ_48",
            "OBJ_49",
            "OBJ_50",
            "OBJ_51",
            "OBJ_52",
            "OBJ_53",
            "OBJ_54",
            "OBJ_55",
            "OBJ_56",
            "OBJ_57",
            "OBJ_58",
            "OBJ_59",
            "OBJ_60",
            "OBJ_61",
            "OBJ_62",
            "OBJ_63",
            "OBJ_64",
            "OBJ_65",
            "OBJ_66",
            "OBJ_67",
            "OBJ_68",
            "OBJ_69",
            "OBJ_70",
            "OBJ_71",
            "OBJ_72",
            "OBJ_73",
            "OBJ_74",
            "OBJ_75",
            "OBJ_76",
            "OBJ_77",
            "OBJ_78",
            "OBJ_79",
            "OBJ_80",
            "OBJ_81",
            "OBJ_82",
            "OBJ_83",
            "OBJ_84",
            "OBJ_85",
            "OBJ_86",
            "OBJ_87",
            "OBJ_88",
            "OBJ_89",
            "OBJ_90",
            "OBJ_91",
            "OBJ_92",
            "OBJ_93"
         );
         name = "Methods";
         path = "Methods";
         sourceTree = "<group>";
      };
      "OBJ_320" = {
         isa = "PBXBuildFile";
         fileRef = "OBJ_99";
      };
      "OBJ_321" = {
         isa = "PBXBuildFile";
         fileRef = "OBJ_100";
      };
      "OBJ_322" = {
         isa = "PBXBuildFile";
         fileRef = "OBJ_101";
      };
      "OBJ_323" = {
         isa = "PBXBuildFile";
         fileRef = "OBJ_102";
      };
      "OBJ_324" = {
         isa = "PBXBuildFile";
         fileRef = "OBJ_104";
      };
      "OBJ_325" = {
         isa = "PBXBuildFile";
         fileRef = "OBJ_105";
      };
      "OBJ_326" = {
         isa = "PBXBuildFile";
         fileRef = "OBJ_106";
      };
      "OBJ_327" = {
         isa = "PBXBuildFile";
         fileRef = "OBJ_107";
      };
      "OBJ_328" = {
         isa = "PBXBuildFile";
         fileRef = "OBJ_108";
      };
      "OBJ_329" = {
         isa = "PBXBuildFile";
         fileRef = "OBJ_109";
      };
      "OBJ_33" = {
         isa = "PBXFileReference";
         path = "TelegramBot+addStickerToSet.swift";
         sourceTree = "<group>";
      };
      "OBJ_330" = {
         isa = "PBXBuildFile";
         fileRef = "OBJ_111";
      };
      "OBJ_331" = {
         isa = "PBXBuildFile";
         fileRef = "OBJ_112";
      };
      "OBJ_332" = {
         isa = "PBXBuildFile";
         fileRef = "OBJ_113";
      };
      "OBJ_333" = {
         isa = "PBXBuildFile";
         fileRef = "OBJ_114";
      };
      "OBJ_334" = {
         isa = "PBXBuildFile";
         fileRef = "OBJ_115";
      };
      "OBJ_335" = {
         isa = "PBXBuildFile";
         fileRef = "OBJ_116";
      };
      "OBJ_336" = {
         isa = "PBXBuildFile";
         fileRef = "OBJ_118";
      };
      "OBJ_337" = {
         isa = "PBXBuildFile";
         fileRef = "OBJ_119";
      };
      "OBJ_338" = {
         isa = "PBXBuildFile";
         fileRef = "OBJ_120";
      };
      "OBJ_339" = {
         isa = "PBXBuildFile";
         fileRef = "OBJ_121";
      };
      "OBJ_34" = {
         isa = "PBXFileReference";
         path = "TelegramBot+answerCallbackQuery.swift";
         sourceTree = "<group>";
      };
      "OBJ_340" = {
         isa = "PBXBuildFile";
         fileRef = "OBJ_122";
      };
      "OBJ_341" = {
         isa = "PBXBuildFile";
         fileRef = "OBJ_123";
      };
      "OBJ_342" = {
         isa = "PBXBuildFile";
         fileRef = "OBJ_124";
      };
      "OBJ_343" = {
         isa = "PBXBuildFile";
         fileRef = "OBJ_125";
      };
      "OBJ_344" = {
         isa = "PBXBuildFile";
         fileRef = "OBJ_126";
      };
      "OBJ_345" = {
         isa = "PBXBuildFile";
         fileRef = "OBJ_127";
      };
      "OBJ_346" = {
         isa = "PBXBuildFile";
         fileRef = "OBJ_128";
      };
      "OBJ_347" = {
         isa = "PBXBuildFile";
         fileRef = "OBJ_129";
      };
      "OBJ_348" = {
         isa = "PBXBuildFile";
         fileRef = "OBJ_130";
      };
      "OBJ_349" = {
         isa = "PBXBuildFile";
         fileRef = "OBJ_131";
      };
      "OBJ_35" = {
         isa = "PBXFileReference";
         path = "TelegramBot+answerInlineQuery.swift";
         sourceTree = "<group>";
      };
      "OBJ_350" = {
         isa = "PBXBuildFile";
         fileRef = "OBJ_132";
      };
      "OBJ_351" = {
         isa = "PBXBuildFile";
         fileRef = "OBJ_133";
      };
      "OBJ_352" = {
         isa = "PBXBuildFile";
         fileRef = "OBJ_134";
      };
      "OBJ_353" = {
         isa = "PBXBuildFile";
         fileRef = "OBJ_135";
      };
      "OBJ_354" = {
         isa = "PBXBuildFile";
         fileRef = "OBJ_136";
      };
      "OBJ_355" = {
         isa = "PBXBuildFile";
         fileRef = "OBJ_137";
      };
      "OBJ_356" = {
         isa = "PBXBuildFile";
         fileRef = "OBJ_138";
      };
      "OBJ_357" = {
         isa = "PBXBuildFile";
         fileRef = "OBJ_139";
      };
      "OBJ_358" = {
         isa = "PBXBuildFile";
         fileRef = "OBJ_140";
      };
      "OBJ_359" = {
         isa = "PBXBuildFile";
         fileRef = "OBJ_141";
      };
      "OBJ_36" = {
         isa = "PBXFileReference";
         path = "TelegramBot+answerPreCheckoutQuery.swift";
         sourceTree = "<group>";
      };
      "OBJ_360" = {
         isa = "PBXBuildFile";
         fileRef = "OBJ_142";
      };
      "OBJ_361" = {
         isa = "PBXBuildFile";
         fileRef = "OBJ_143";
      };
      "OBJ_362" = {
         isa = "PBXBuildFile";
         fileRef = "OBJ_144";
      };
      "OBJ_363" = {
         isa = "PBXBuildFile";
         fileRef = "OBJ_145";
      };
      "OBJ_364" = {
         isa = "PBXBuildFile";
         fileRef = "OBJ_146";
      };
      "OBJ_365" = {
         isa = "PBXBuildFile";
         fileRef = "OBJ_147";
      };
      "OBJ_366" = {
         isa = "PBXBuildFile";
         fileRef = "OBJ_148";
      };
      "OBJ_367" = {
         isa = "PBXBuildFile";
         fileRef = "OBJ_149";
      };
      "OBJ_368" = {
         isa = "PBXBuildFile";
         fileRef = "OBJ_150";
      };
      "OBJ_369" = {
         isa = "PBXBuildFile";
         fileRef = "OBJ_151";
      };
      "OBJ_37" = {
         isa = "PBXFileReference";
         path = "TelegramBot+answerShippingQuery.swift";
         sourceTree = "<group>";
      };
      "OBJ_370" = {
         isa = "PBXBuildFile";
         fileRef = "OBJ_152";
      };
      "OBJ_371" = {
         isa = "PBXBuildFile";
         fileRef = "OBJ_153";
      };
      "OBJ_372" = {
         isa = "PBXBuildFile";
         fileRef = "OBJ_154";
      };
      "OBJ_373" = {
         isa = "PBXBuildFile";
         fileRef = "OBJ_155";
      };
      "OBJ_374" = {
         isa = "PBXBuildFile";
         fileRef = "OBJ_156";
      };
      "OBJ_375" = {
         isa = "PBXBuildFile";
         fileRef = "OBJ_157";
      };
      "OBJ_376" = {
         isa = "PBXBuildFile";
         fileRef = "OBJ_158";
      };
      "OBJ_377" = {
         isa = "PBXBuildFile";
         fileRef = "OBJ_159";
      };
      "OBJ_378" = {
         isa = "PBXBuildFile";
         fileRef = "OBJ_160";
      };
      "OBJ_379" = {
         isa = "PBXBuildFile";
         fileRef = "OBJ_161";
      };
      "OBJ_38" = {
         isa = "PBXFileReference";
         path = "TelegramBot+createNewStickerSet.swift";
         sourceTree = "<group>";
      };
      "OBJ_380" = {
         isa = "PBXBuildFile";
         fileRef = "OBJ_162";
      };
      "OBJ_381" = {
         isa = "PBXBuildFile";
         fileRef = "OBJ_163";
      };
      "OBJ_382" = {
         isa = "PBXBuildFile";
         fileRef = "OBJ_164";
      };
      "OBJ_383" = {
         isa = "PBXBuildFile";
         fileRef = "OBJ_165";
      };
      "OBJ_384" = {
         isa = "PBXBuildFile";
         fileRef = "OBJ_166";
      };
      "OBJ_385" = {
         isa = "PBXBuildFile";
         fileRef = "OBJ_167";
      };
      "OBJ_386" = {
         isa = "PBXBuildFile";
         fileRef = "OBJ_168";
      };
      "OBJ_387" = {
         isa = "PBXBuildFile";
         fileRef = "OBJ_169";
      };
      "OBJ_388" = {
         isa = "PBXBuildFile";
         fileRef = "OBJ_170";
      };
      "OBJ_389" = {
         isa = "PBXBuildFile";
         fileRef = "OBJ_171";
      };
      "OBJ_39" = {
         isa = "PBXFileReference";
         path = "TelegramBot+deleteChatPhoto.swift";
         sourceTree = "<group>";
      };
      "OBJ_390" = {
         isa = "PBXBuildFile";
         fileRef = "OBJ_172";
      };
      "OBJ_391" = {
         isa = "PBXBuildFile";
         fileRef = "OBJ_173";
      };
      "OBJ_392" = {
         isa = "PBXBuildFile";
         fileRef = "OBJ_174";
      };
      "OBJ_393" = {
         isa = "PBXBuildFile";
         fileRef = "OBJ_175";
      };
      "OBJ_394" = {
         isa = "PBXBuildFile";
         fileRef = "OBJ_176";
      };
      "OBJ_395" = {
         isa = "PBXBuildFile";
         fileRef = "OBJ_177";
      };
      "OBJ_396" = {
         isa = "PBXBuildFile";
         fileRef = "OBJ_178";
      };
      "OBJ_397" = {
         isa = "PBXBuildFile";
         fileRef = "OBJ_179";
      };
      "OBJ_398" = {
         isa = "PBXBuildFile";
         fileRef = "OBJ_180";
      };
      "OBJ_399" = {
         isa = "PBXBuildFile";
         fileRef = "OBJ_181";
      };
      "OBJ_4" = {
         isa = "XCBuildConfiguration";
         buildSettings = {
            CLANG_ENABLE_OBJC_ARC = "YES";
            COMBINE_HIDPI_IMAGES = "YES";
            COPY_PHASE_STRIP = "YES";
            DEBUG_INFORMATION_FORMAT = "dwarf-with-dsym";
            DYLIB_INSTALL_NAME_BASE = "@rpath";
            GCC_OPTIMIZATION_LEVEL = "s";
            MACOSX_DEPLOYMENT_TARGET = "10.10";
            OTHER_SWIFT_FLAGS = (
               "-DXcode"
            );
            PRODUCT_NAME = "$(TARGET_NAME)";
            SDKROOT = "macosx";
            SUPPORTED_PLATFORMS = (
               "macosx",
               "iphoneos",
               "iphonesimulator",
               "appletvos",
               "appletvsimulator",
               "watchos",
               "watchsimulator"
            );
            SWIFT_ACTIVE_COMPILATION_CONDITIONS = (
               "SWIFT_PACKAGE"
            );
            SWIFT_OPTIMIZATION_LEVEL = "-Owholemodule";
            USE_HEADERMAP = "NO";
         };
         name = "Release";
      };
      "OBJ_40" = {
         isa = "PBXFileReference";
         path = "TelegramBot+deleteChatStickerSet.swift";
         sourceTree = "<group>";
      };
      "OBJ_400" = {
         isa = "PBXBuildFile";
         fileRef = "OBJ_182";
      };
      "OBJ_401" = {
         isa = "PBXBuildFile";
         fileRef = "OBJ_183";
      };
      "OBJ_402" = {
         isa = "PBXBuildFile";
         fileRef = "OBJ_184";
      };
      "OBJ_403" = {
         isa = "PBXBuildFile";
         fileRef = "OBJ_185";
      };
      "OBJ_404" = {
         isa = "PBXBuildFile";
         fileRef = "OBJ_186";
      };
      "OBJ_405" = {
         isa = "PBXBuildFile";
         fileRef = "OBJ_187";
      };
      "OBJ_406" = {
         isa = "PBXBuildFile";
         fileRef = "OBJ_188";
      };
      "OBJ_407" = {
         isa = "PBXBuildFile";
         fileRef = "OBJ_189";
      };
      "OBJ_408" = {
         isa = "PBXBuildFile";
         fileRef = "OBJ_190";
      };
      "OBJ_409" = {
         isa = "PBXBuildFile";
         fileRef = "OBJ_191";
      };
      "OBJ_41" = {
         isa = "PBXFileReference";
         path = "TelegramBot+deleteMessage.swift";
         sourceTree = "<group>";
      };
      "OBJ_410" = {
         isa = "PBXBuildFile";
         fileRef = "OBJ_192";
      };
      "OBJ_411" = {
         isa = "PBXBuildFile";
         fileRef = "OBJ_193";
      };
      "OBJ_412" = {
         isa = "PBXBuildFile";
         fileRef = "OBJ_194";
      };
      "OBJ_413" = {
         isa = "PBXBuildFile";
         fileRef = "OBJ_195";
      };
      "OBJ_414" = {
         isa = "PBXBuildFile";
         fileRef = "OBJ_196";
      };
      "OBJ_415" = {
         isa = "PBXBuildFile";
         fileRef = "OBJ_197";
      };
      "OBJ_416" = {
         isa = "PBXBuildFile";
         fileRef = "OBJ_198";
      };
      "OBJ_417" = {
         isa = "PBXBuildFile";
         fileRef = "OBJ_199";
      };
      "OBJ_418" = {
         isa = "PBXBuildFile";
         fileRef = "OBJ_200";
      };
      "OBJ_419" = {
         isa = "PBXBuildFile";
         fileRef = "OBJ_201";
      };
      "OBJ_42" = {
         isa = "PBXFileReference";
         path = "TelegramBot+deleteStickerFromSet.swift";
         sourceTree = "<group>";
      };
      "OBJ_420" = {
         isa = "PBXBuildFile";
         fileRef = "OBJ_202";
      };
      "OBJ_421" = {
         isa = "PBXBuildFile";
         fileRef = "OBJ_203";
      };
      "OBJ_422" = {
         isa = "PBXBuildFile";
         fileRef = "OBJ_204";
      };
      "OBJ_423" = {
         isa = "PBXBuildFile";
         fileRef = "OBJ_205";
      };
      "OBJ_424" = {
         isa = "PBXBuildFile";
         fileRef = "OBJ_206";
      };
      "OBJ_425" = {
         isa = "PBXBuildFile";
         fileRef = "OBJ_207";
      };
      "OBJ_426" = {
         isa = "PBXBuildFile";
         fileRef = "OBJ_208";
      };
      "OBJ_427" = {
         isa = "PBXBuildFile";
         fileRef = "OBJ_209";
      };
      "OBJ_428" = {
         isa = "PBXBuildFile";
         fileRef = "OBJ_210";
      };
      "OBJ_429" = {
         isa = "PBXBuildFile";
         fileRef = "OBJ_211";
      };
      "OBJ_43" = {
         isa = "PBXFileReference";
         path = "TelegramBot+deleteWebhook.swift";
         sourceTree = "<group>";
      };
      "OBJ_430" = {
         isa = "PBXBuildFile";
         fileRef = "OBJ_212";
      };
      "OBJ_431" = {
         isa = "PBXBuildFile";
         fileRef = "OBJ_213";
      };
      "OBJ_432" = {
         isa = "PBXBuildFile";
         fileRef = "OBJ_214";
      };
      "OBJ_433" = {
         isa = "PBXBuildFile";
         fileRef = "OBJ_215";
      };
      "OBJ_434" = {
         isa = "PBXBuildFile";
         fileRef = "OBJ_216";
      };
      "OBJ_435" = {
         isa = "PBXBuildFile";
         fileRef = "OBJ_217";
      };
      "OBJ_436" = {
         isa = "PBXFrameworksBuildPhase";
         files = (
            "OBJ_437"
         );
      };
      "OBJ_437" = {
         isa = "PBXBuildFile";
         fileRef = "TelegramBotSDK::CCurl::Product";
      };
      "OBJ_438" = {
         isa = "PBXTargetDependency";
         target = "TelegramBotSDK::CCurl";
      };
      "OBJ_44" = {
         isa = "PBXFileReference";
         path = "TelegramBot+editMessageCaption.swift";
         sourceTree = "<group>";
      };
      "OBJ_440" = {
         isa = "XCConfigurationList";
         buildConfigurations = (
            "OBJ_441",
            "OBJ_442"
         );
         defaultConfigurationIsVisible = "0";
         defaultConfigurationName = "Release";
      };
      "OBJ_441" = {
         isa = "XCBuildConfiguration";
         buildSettings = {
            LD = "/usr/bin/true";
            OTHER_SWIFT_FLAGS = (
               "-swift-version",
               "4",
               "-I",
               "$(TOOLCHAIN_DIR)/usr/lib/swift/pm/4",
               "-target",
               "x86_64-apple-macosx10.10",
               "-sdk",
               "/Applications/Xcode.app/Contents/Developer/Platforms/MacOSX.platform/Developer/SDKs/MacOSX10.14.sdk"
            );
            SWIFT_VERSION = "4.0";
         };
         name = "Debug";
      };
      "OBJ_442" = {
         isa = "XCBuildConfiguration";
         buildSettings = {
            LD = "/usr/bin/true";
            OTHER_SWIFT_FLAGS = (
               "-swift-version",
               "4",
               "-I",
               "$(TOOLCHAIN_DIR)/usr/lib/swift/pm/4",
               "-target",
               "x86_64-apple-macosx10.10",
               "-sdk",
               "/Applications/Xcode.app/Contents/Developer/Platforms/MacOSX.platform/Developer/SDKs/MacOSX10.14.sdk"
            );
            SWIFT_VERSION = "4.0";
         };
         name = "Release";
      };
      "OBJ_443" = {
         isa = "PBXSourcesBuildPhase";
         files = (
            "OBJ_444"
         );
      };
      "OBJ_444" = {
         isa = "PBXBuildFile";
         fileRef = "OBJ_223";
      };
      "OBJ_446" = {
         isa = "XCConfigurationList";
         buildConfigurations = (
            "OBJ_447",
            "OBJ_448"
         );
         defaultConfigurationIsVisible = "0";
         defaultConfigurationName = "Release";
      };
      "OBJ_447" = {
         isa = "XCBuildConfiguration";
         buildSettings = {
            FRAMEWORK_SEARCH_PATHS = (
               "$(inherited)",
               "$(PLATFORM_DIR)/Developer/Library/Frameworks"
            );
            HEADER_SEARCH_PATHS = (
               "$(inherited)",
               "$(SRCROOT)/.build/checkouts/telegram-bot-swift.git--4578987719514064685/Sources/CCurl/include"
            );
            INFOPLIST_FILE = "tgGame.xcodeproj/tgGame_Info.plist";
            LD_RUNPATH_SEARCH_PATHS = (
               "$(inherited)",
               "$(TOOLCHAIN_DIR)/usr/lib/swift/macosx",
               "@executable_path"
            );
            OTHER_CFLAGS = (
               "$(inherited)"
            );
            OTHER_LDFLAGS = (
               "$(inherited)"
            );
            OTHER_SWIFT_FLAGS = (
               "$(inherited)",
               "-Xcc",
               "-fmodule-map-file=$(SRCROOT)/.build/checkouts/telegram-bot-swift.git--4578987719514064685/Sources/CCurl/include/module.modulemap"
            );
            SWIFT_ACTIVE_COMPILATION_CONDITIONS = (
               "$(inherited)"
            );
            SWIFT_FORCE_DYNAMIC_LINK_STDLIB = "YES";
            SWIFT_FORCE_STATIC_LINK_STDLIB = "NO";
            SWIFT_VERSION = "4.2";
            TARGET_NAME = "tgGame";
         };
         name = "Debug";
      };
      "OBJ_448" = {
         isa = "XCBuildConfiguration";
         buildSettings = {
            FRAMEWORK_SEARCH_PATHS = (
               "$(inherited)",
               "$(PLATFORM_DIR)/Developer/Library/Frameworks"
            );
            HEADER_SEARCH_PATHS = (
               "$(inherited)",
               "$(SRCROOT)/.build/checkouts/telegram-bot-swift.git--4578987719514064685/Sources/CCurl/include"
            );
            INFOPLIST_FILE = "tgGame.xcodeproj/tgGame_Info.plist";
            LD_RUNPATH_SEARCH_PATHS = (
               "$(inherited)",
               "$(TOOLCHAIN_DIR)/usr/lib/swift/macosx",
               "@executable_path"
            );
            OTHER_CFLAGS = (
               "$(inherited)"
            );
            OTHER_LDFLAGS = (
               "$(inherited)"
            );
            OTHER_SWIFT_FLAGS = (
               "$(inherited)",
               "-Xcc",
               "-fmodule-map-file=$(SRCROOT)/.build/checkouts/telegram-bot-swift.git--4578987719514064685/Sources/CCurl/include/module.modulemap"
            );
            SWIFT_ACTIVE_COMPILATION_CONDITIONS = (
               "$(inherited)"
            );
            SWIFT_FORCE_DYNAMIC_LINK_STDLIB = "YES";
            SWIFT_FORCE_STATIC_LINK_STDLIB = "NO";
            SWIFT_VERSION = "4.2";
            TARGET_NAME = "tgGame";
         };
         name = "Release";
      };
      "OBJ_449" = {
         isa = "PBXSourcesBuildPhase";
         files = (
            "OBJ_450"
         );
      };
      "OBJ_45" = {
         isa = "PBXFileReference";
         path = "TelegramBot+editMessageLiveLocation.swift";
         sourceTree = "<group>";
      };
      "OBJ_450" = {
         isa = "PBXBuildFile";
         fileRef = "OBJ_9";
      };
      "OBJ_451" = {
         isa = "PBXFrameworksBuildPhase";
         files = (
            "OBJ_452",
            "OBJ_453"
         );
      };
      "OBJ_452" = {
         isa = "PBXBuildFile";
         fileRef = "TelegramBotSDK::TelegramBotSDK::Product";
      };
      "OBJ_453" = {
         isa = "PBXBuildFile";
         fileRef = "TelegramBotSDK::CCurl::Product";
      };
      "OBJ_454" = {
         isa = "PBXTargetDependency";
         target = "TelegramBotSDK::TelegramBotSDK";
      };
      "OBJ_455" = {
         isa = "PBXTargetDependency";
         target = "TelegramBotSDK::CCurl";
      };
      "OBJ_457" = {
         isa = "XCConfigurationList";
         buildConfigurations = (
            "OBJ_458",
            "OBJ_459"
         );
         defaultConfigurationIsVisible = "0";
         defaultConfigurationName = "Release";
      };
      "OBJ_458" = {
         isa = "XCBuildConfiguration";
         buildSettings = {
            LD = "/usr/bin/true";
            OTHER_SWIFT_FLAGS = (
               "-swift-version",
               "4.2",
               "-I",
               "$(TOOLCHAIN_DIR)/usr/lib/swift/pm/4_2",
               "-target",
               "x86_64-apple-macosx10.10",
               "-sdk",
               "/Applications/Xcode.app/Contents/Developer/Platforms/MacOSX.platform/Developer/SDKs/MacOSX10.14.sdk"
            );
            SWIFT_VERSION = "4.2";
         };
         name = "Debug";
      };
      "OBJ_459" = {
         isa = "XCBuildConfiguration";
         buildSettings = {
            LD = "/usr/bin/true";
            OTHER_SWIFT_FLAGS = (
               "-swift-version",
               "4.2",
               "-I",
               "$(TOOLCHAIN_DIR)/usr/lib/swift/pm/4_2",
               "-target",
               "x86_64-apple-macosx10.10",
               "-sdk",
               "/Applications/Xcode.app/Contents/Developer/Platforms/MacOSX.platform/Developer/SDKs/MacOSX10.14.sdk"
            );
            SWIFT_VERSION = "4.2";
         };
         name = "Release";
      };
      "OBJ_46" = {
         isa = "PBXFileReference";
         path = "TelegramBot+editMessageReplyMarkup.swift";
         sourceTree = "<group>";
      };
      "OBJ_460" = {
         isa = "PBXSourcesBuildPhase";
         files = (
            "OBJ_461"
         );
      };
      "OBJ_461" = {
         isa = "PBXBuildFile";
         fileRef = "OBJ_6";
      };
      "OBJ_463" = {
         isa = "XCConfigurationList";
         buildConfigurations = (
            "OBJ_464",
            "OBJ_465"
         );
         defaultConfigurationIsVisible = "0";
         defaultConfigurationName = "Release";
      };
      "OBJ_464" = {
         isa = "XCBuildConfiguration";
         buildSettings = {
         };
         name = "Debug";
      };
      "OBJ_465" = {
         isa = "XCBuildConfiguration";
         buildSettings = {
         };
         name = "Release";
      };
      "OBJ_466" = {
         isa = "PBXTargetDependency";
         target = "tgGame::tgGameTests";
      };
      "OBJ_468" = {
         isa = "XCConfigurationList";
         buildConfigurations = (
            "OBJ_469",
            "OBJ_470"
         );
         defaultConfigurationIsVisible = "0";
         defaultConfigurationName = "Release";
      };
      "OBJ_469" = {
         isa = "XCBuildConfiguration";
         buildSettings = {
            CLANG_ENABLE_MODULES = "YES";
            EMBEDDED_CONTENT_CONTAINS_SWIFT = "YES";
            FRAMEWORK_SEARCH_PATHS = (
               "$(inherited)",
               "$(PLATFORM_DIR)/Developer/Library/Frameworks"
            );
            HEADER_SEARCH_PATHS = (
               "$(inherited)",
               "$(SRCROOT)/.build/checkouts/telegram-bot-swift.git--4578987719514064685/Sources/CCurl/include"
            );
            INFOPLIST_FILE = "tgGame.xcodeproj/tgGameTests_Info.plist";
            LD_RUNPATH_SEARCH_PATHS = (
               "$(inherited)",
               "@loader_path/../Frameworks",
               "@loader_path/Frameworks"
            );
            OTHER_CFLAGS = (
               "$(inherited)"
            );
            OTHER_LDFLAGS = (
               "$(inherited)"
            );
            OTHER_SWIFT_FLAGS = (
               "$(inherited)",
               "-Xcc",
               "-fmodule-map-file=$(SRCROOT)/.build/checkouts/telegram-bot-swift.git--4578987719514064685/Sources/CCurl/include/module.modulemap"
            );
            SWIFT_ACTIVE_COMPILATION_CONDITIONS = (
               "$(inherited)"
            );
            SWIFT_VERSION = "4.2";
            TARGET_NAME = "tgGameTests";
         };
         name = "Debug";
      };
      "OBJ_47" = {
         isa = "PBXFileReference";
         path = "TelegramBot+editMessageText.swift";
         sourceTree = "<group>";
      };
      "OBJ_470" = {
         isa = "XCBuildConfiguration";
         buildSettings = {
            CLANG_ENABLE_MODULES = "YES";
            EMBEDDED_CONTENT_CONTAINS_SWIFT = "YES";
            FRAMEWORK_SEARCH_PATHS = (
               "$(inherited)",
               "$(PLATFORM_DIR)/Developer/Library/Frameworks"
            );
            HEADER_SEARCH_PATHS = (
               "$(inherited)",
               "$(SRCROOT)/.build/checkouts/telegram-bot-swift.git--4578987719514064685/Sources/CCurl/include"
            );
            INFOPLIST_FILE = "tgGame.xcodeproj/tgGameTests_Info.plist";
            LD_RUNPATH_SEARCH_PATHS = (
               "$(inherited)",
               "@loader_path/../Frameworks",
               "@loader_path/Frameworks"
            );
            OTHER_CFLAGS = (
               "$(inherited)"
            );
            OTHER_LDFLAGS = (
               "$(inherited)"
            );
            OTHER_SWIFT_FLAGS = (
               "$(inherited)",
               "-Xcc",
               "-fmodule-map-file=$(SRCROOT)/.build/checkouts/telegram-bot-swift.git--4578987719514064685/Sources/CCurl/include/module.modulemap"
            );
            SWIFT_ACTIVE_COMPILATION_CONDITIONS = (
               "$(inherited)"
            );
            SWIFT_VERSION = "4.2";
            TARGET_NAME = "tgGameTests";
         };
         name = "Release";
      };
      "OBJ_471" = {
         isa = "PBXSourcesBuildPhase";
         files = (
            "OBJ_472",
            "OBJ_473"
         );
      };
      "OBJ_472" = {
         isa = "PBXBuildFile";
         fileRef = "OBJ_12";
      };
      "OBJ_473" = {
         isa = "PBXBuildFile";
         fileRef = "OBJ_13";
      };
      "OBJ_474" = {
         isa = "PBXFrameworksBuildPhase";
         files = (
            "OBJ_475",
            "OBJ_476"
         );
      };
      "OBJ_475" = {
         isa = "PBXBuildFile";
         fileRef = "TelegramBotSDK::TelegramBotSDK::Product";
      };
      "OBJ_476" = {
         isa = "PBXBuildFile";
         fileRef = "TelegramBotSDK::CCurl::Product";
      };
      "OBJ_477" = {
         isa = "PBXTargetDependency";
         target = "tgGame::tgGame";
      };
      "OBJ_478" = {
         isa = "PBXTargetDependency";
         target = "TelegramBotSDK::TelegramBotSDK";
      };
      "OBJ_479" = {
         isa = "PBXTargetDependency";
         target = "TelegramBotSDK::CCurl";
      };
      "OBJ_48" = {
         isa = "PBXFileReference";
         path = "TelegramBot+exportChatInviteLink.swift";
         sourceTree = "<group>";
      };
      "OBJ_49" = {
         isa = "PBXFileReference";
         path = "TelegramBot+forwardMessage.swift";
         sourceTree = "<group>";
      };
      "OBJ_5" = {
         isa = "PBXGroup";
         children = (
            "OBJ_6",
            "OBJ_7",
            "OBJ_10",
            "OBJ_14",
            "OBJ_224"
         );
         path = "";
         sourceTree = "<group>";
      };
      "OBJ_50" = {
         isa = "PBXFileReference";
         path = "TelegramBot+getChat.swift";
         sourceTree = "<group>";
      };
      "OBJ_51" = {
         isa = "PBXFileReference";
         path = "TelegramBot+getChatAdministrators.swift";
         sourceTree = "<group>";
      };
      "OBJ_52" = {
         isa = "PBXFileReference";
         path = "TelegramBot+getChatMember.swift";
         sourceTree = "<group>";
      };
      "OBJ_53" = {
         isa = "PBXFileReference";
         path = "TelegramBot+getChatMembersCount.swift";
         sourceTree = "<group>";
      };
      "OBJ_54" = {
         isa = "PBXFileReference";
         path = "TelegramBot+getFile.swift";
         sourceTree = "<group>";
      };
      "OBJ_55" = {
         isa = "PBXFileReference";
         path = "TelegramBot+getGameHighScores.swift";
         sourceTree = "<group>";
      };
      "OBJ_56" = {
         isa = "PBXFileReference";
         path = "TelegramBot+getMe.swift";
         sourceTree = "<group>";
      };
      "OBJ_57" = {
         isa = "PBXFileReference";
         path = "TelegramBot+getStickerSet.swift";
         sourceTree = "<group>";
      };
      "OBJ_58" = {
         isa = "PBXFileReference";
         path = "TelegramBot+getUpdates+Utils.swift";
         sourceTree = "<group>";
      };
      "OBJ_59" = {
         isa = "PBXFileReference";
         path = "TelegramBot+getUpdates.swift";
         sourceTree = "<group>";
      };
      "OBJ_6" = {
         isa = "PBXFileReference";
         explicitFileType = "sourcecode.swift";
         path = "Package.swift";
         sourceTree = "<group>";
      };
      "OBJ_60" = {
         isa = "PBXFileReference";
         path = "TelegramBot+getUserProfilePhotos.swift";
         sourceTree = "<group>";
      };
      "OBJ_61" = {
         isa = "PBXFileReference";
         path = "TelegramBot+getWebhookInfo.swift";
         sourceTree = "<group>";
      };
      "OBJ_62" = {
         isa = "PBXFileReference";
         path = "TelegramBot+kickChatMember.swift";
         sourceTree = "<group>";
      };
      "OBJ_63" = {
         isa = "PBXFileReference";
         path = "TelegramBot+leaveChat.swift";
         sourceTree = "<group>";
      };
      "OBJ_64" = {
         isa = "PBXFileReference";
         path = "TelegramBot+pinChatMessage.swift";
         sourceTree = "<group>";
      };
      "OBJ_65" = {
         isa = "PBXFileReference";
         path = "TelegramBot+promoteChatMember.swift";
         sourceTree = "<group>";
      };
      "OBJ_66" = {
         isa = "PBXFileReference";
         path = "TelegramBot+restrictChatMember.swift";
         sourceTree = "<group>";
      };
      "OBJ_67" = {
         isa = "PBXFileReference";
         path = "TelegramBot+sendAudio.swift";
         sourceTree = "<group>";
      };
      "OBJ_68" = {
         isa = "PBXFileReference";
         path = "TelegramBot+sendChatAction+Utils.swift";
         sourceTree = "<group>";
      };
      "OBJ_69" = {
         isa = "PBXFileReference";
         path = "TelegramBot+sendChatAction.swift";
         sourceTree = "<group>";
      };
      "OBJ_7" = {
         isa = "PBXGroup";
         children = (
            "OBJ_8"
         );
         name = "Sources";
         path = "";
         sourceTree = "SOURCE_ROOT";
      };
      "OBJ_70" = {
         isa = "PBXFileReference";
         path = "TelegramBot+sendContact.swift";
         sourceTree = "<group>";
      };
      "OBJ_71" = {
         isa = "PBXFileReference";
         path = "TelegramBot+sendDocument.swift";
         sourceTree = "<group>";
      };
      "OBJ_72" = {
         isa = "PBXFileReference";
         path = "TelegramBot+sendGame.swift";
         sourceTree = "<group>";
      };
      "OBJ_73" = {
         isa = "PBXFileReference";
         path = "TelegramBot+sendInvoice.swift";
         sourceTree = "<group>";
      };
      "OBJ_74" = {
         isa = "PBXFileReference";
         path = "TelegramBot+sendLocation.swift";
         sourceTree = "<group>";
      };
      "OBJ_75" = {
         isa = "PBXFileReference";
         path = "TelegramBot+sendMediaGroup.swift";
         sourceTree = "<group>";
      };
      "OBJ_76" = {
         isa = "PBXFileReference";
         path = "TelegramBot+sendMessage.swift";
         sourceTree = "<group>";
      };
      "OBJ_77" = {
         isa = "PBXFileReference";
         path = "TelegramBot+sendPhoto.swift";
         sourceTree = "<group>";
      };
      "OBJ_78" = {
         isa = "PBXFileReference";
         path = "TelegramBot+sendSticker.swift";
         sourceTree = "<group>";
      };
      "OBJ_79" = {
         isa = "PBXFileReference";
         path = "TelegramBot+sendVenue.swift";
         sourceTree = "<group>";
      };
      "OBJ_8" = {
         isa = "PBXGroup";
         children = (
            "OBJ_9"
         );
         name = "tgGame";
         path = "Sources/tgGame";
         sourceTree = "SOURCE_ROOT";
      };
      "OBJ_80" = {
         isa = "PBXFileReference";
         path = "TelegramBot+sendVideo.swift";
         sourceTree = "<group>";
      };
      "OBJ_81" = {
         isa = "PBXFileReference";
         path = "TelegramBot+sendVideoNote.swift";
         sourceTree = "<group>";
      };
      "OBJ_82" = {
         isa = "PBXFileReference";
         path = "TelegramBot+sendVoice.swift";
         sourceTree = "<group>";
      };
      "OBJ_83" = {
         isa = "PBXFileReference";
         path = "TelegramBot+setChatDescription.swift";
         sourceTree = "<group>";
      };
      "OBJ_84" = {
         isa = "PBXFileReference";
         path = "TelegramBot+setChatPhoto.swift";
         sourceTree = "<group>";
      };
      "OBJ_85" = {
         isa = "PBXFileReference";
         path = "TelegramBot+setChatStickerSet.swift";
         sourceTree = "<group>";
      };
      "OBJ_86" = {
         isa = "PBXFileReference";
         path = "TelegramBot+setChatTitle.swift";
         sourceTree = "<group>";
      };
      "OBJ_87" = {
         isa = "PBXFileReference";
         path = "TelegramBot+setGameScore.swift";
         sourceTree = "<group>";
      };
      "OBJ_88" = {
         isa = "PBXFileReference";
         path = "TelegramBot+setStickerPositionInSet.swift";
         sourceTree = "<group>";
      };
      "OBJ_89" = {
         isa = "PBXFileReference";
         path = "TelegramBot+setWebhook.swift";
         sourceTree = "<group>";
      };
      "OBJ_9" = {
         isa = "PBXFileReference";
         path = "main.swift";
         sourceTree = "<group>";
      };
      "OBJ_90" = {
         isa = "PBXFileReference";
         path = "TelegramBot+stopMessageLiveLocation.swift";
         sourceTree = "<group>";
      };
      "OBJ_91" = {
         isa = "PBXFileReference";
         path = "TelegramBot+unbanChatMember.swift";
         sourceTree = "<group>";
      };
      "OBJ_92" = {
         isa = "PBXFileReference";
         path = "TelegramBot+unpinChatMessage.swift";
         sourceTree = "<group>";
      };
      "OBJ_93" = {
         isa = "PBXFileReference";
         path = "TelegramBot+uploadStickerFile.swift";
         sourceTree = "<group>";
      };
      "OBJ_94" = {
         isa = "PBXGroup";
         children = (
            "OBJ_95",
            "OBJ_96",
            "OBJ_97",
            "OBJ_98",
            "OBJ_99",
            "OBJ_100",
            "OBJ_101",
            "OBJ_102"
         );
         name = "Protocols";
         path = "Protocols";
         sourceTree = "<group>";
      };
      "OBJ_95" = {
         isa = "PBXFileReference";
         path = "ChatId.swift";
         sourceTree = "<group>";
      };
      "OBJ_96" = {
         isa = "PBXFileReference";
         path = "FileInfo.swift";
         sourceTree = "<group>";
      };
      "OBJ_97" = {
         isa = "PBXFileReference";
         path = "InlineQueryResult.swift";
         sourceTree = "<group>";
      };
      "OBJ_98" = {
         isa = "PBXFileReference";
         path = "InputMedia.swift";
         sourceTree = "<group>";
      };
      "OBJ_99" = {
         isa = "PBXFileReference";
         path = "InputMessageContent.swift";
         sourceTree = "<group>";
      };
      "TelegramBotSDK::CCurl" = {
         isa = "PBXNativeTarget";
         buildConfigurationList = "OBJ_230";
         buildPhases = (
            "OBJ_233",
            "OBJ_235"
         );
         dependencies = (
         );
         name = "CCurl";
         productName = "CCurl";
         productReference = "TelegramBotSDK::CCurl::Product";
         productType = "com.apple.product-type.framework";
      };
      "TelegramBotSDK::CCurl::Product" = {
         isa = "PBXFileReference";
         path = "CCurl.framework";
         sourceTree = "BUILT_PRODUCTS_DIR";
      };
      "TelegramBotSDK::SwiftPMPackageDescription" = {
         isa = "PBXNativeTarget";
         buildConfigurationList = "OBJ_440";
         buildPhases = (
            "OBJ_443"
         );
         dependencies = (
         );
         name = "TelegramBotSDKPackageDescription";
         productName = "TelegramBotSDKPackageDescription";
         productType = "com.apple.product-type.framework";
      };
      "TelegramBotSDK::TelegramBotSDK" = {
         isa = "PBXNativeTarget";
         buildConfigurationList = "OBJ_237";
         buildPhases = (
            "OBJ_240",
            "OBJ_436"
         );
         dependencies = (
            "OBJ_438"
         );
         name = "TelegramBotSDK";
         productName = "TelegramBotSDK";
         productReference = "TelegramBotSDK::TelegramBotSDK::Product";
         productType = "com.apple.product-type.framework";
      };
      "TelegramBotSDK::TelegramBotSDK::Product" = {
         isa = "PBXFileReference";
         path = "TelegramBotSDK.framework";
         sourceTree = "BUILT_PRODUCTS_DIR";
      };
      "tgGame::SwiftPMPackageDescription" = {
         isa = "PBXNativeTarget";
         buildConfigurationList = "OBJ_457";
         buildPhases = (
            "OBJ_460"
         );
         dependencies = (
         );
         name = "tgGamePackageDescription";
         productName = "tgGamePackageDescription";
         productType = "com.apple.product-type.framework";
      };
      "tgGame::tgGame" = {
         isa = "PBXNativeTarget";
         buildConfigurationList = "OBJ_446";
         buildPhases = (
            "OBJ_449",
            "OBJ_451"
         );
         dependencies = (
            "OBJ_454",
            "OBJ_455"
         );
         name = "tgGame";
         productName = "tgGame";
         productReference = "tgGame::tgGame::Product";
         productType = "com.apple.product-type.tool";
      };
      "tgGame::tgGame::Product" = {
         isa = "PBXFileReference";
         path = "tgGame";
         sourceTree = "BUILT_PRODUCTS_DIR";
      };
      "tgGame::tgGamePackageTests::ProductTarget" = {
         isa = "PBXAggregateTarget";
         buildConfigurationList = "OBJ_463";
         buildPhases = (
         );
         dependencies = (
            "OBJ_466"
         );
         name = "tgGamePackageTests";
         productName = "tgGamePackageTests";
      };
      "tgGame::tgGameTests" = {
         isa = "PBXNativeTarget";
         buildConfigurationList = "OBJ_468";
         buildPhases = (
            "OBJ_471",
            "OBJ_474"
         );
         dependencies = (
            "OBJ_477",
            "OBJ_478",
            "OBJ_479"
         );
         name = "tgGameTests";
         productName = "tgGameTests";
         productReference = "tgGame::tgGameTests::Product";
         productType = "com.apple.product-type.bundle.unit-test";
      };
      "tgGame::tgGameTests::Product" = {
         isa = "PBXFileReference";
         path = "tgGameTests.xctest";
         sourceTree = "BUILT_PRODUCTS_DIR";
      };
   };
   rootObject = "OBJ_1";
}
